
Microsoft Visual Studio Solution File, Format Version 12.00
# Visual Studio Version 16
VisualStudioVersion = 25.0.1706.14
MinimumVisualStudioVersion = 10.0.40219.1
Project("{FAE04EC0-301F-11D3-BF4B-00C04F79EFBC}") = "NetworkTests", "NetworkTests.csproj", "{7A33AA01-F120-4967-8175-AB1D8D014174}"
EndProject
Global
	GlobalSection(SolutionConfigurationPlatforms) = preSolution
		Debug|Any CPU = Debug|Any CPU
		Release|Any CPU = Release|Any CPU
	EndGlobalSection
	GlobalSection(ProjectConfigurationPlatforms) = postSolution
		{7A33AA01-F120-4967-8175-AB1D8D014174}.Debug|Any CPU.ActiveCfg = Debug|Any CPU
		{7A33AA01-F120-4967-8175-AB1D8D014174}.Debug|Any CPU.Build.0 = Debug|Any CPU
		{7A33AA01-F120-4967-8175-AB1D8D014174}.Release|Any CPU.ActiveCfg = Release|Any CPU
		{7A33AA01-F120-4967-8175-AB1D8D014174}.Release|Any CPU.Build.0 = Release|Any CPU
	EndGlobalSection
	GlobalSection(SolutionProperties) = preSolution
		HideSolutionNode = FALSE
	EndGlobalSection
	GlobalSection(ExtensibilityGlobals) = postSolution
		SolutionGuid = {E3E643BE-BA56-4891-89B5-AA7E6849EE8D}
	EndGlobalSection
EndGlobal
